
Microsoft Visual Studio Solution File, Format Version 12.00
# Visual Studio 14
VisualStudioVersion = 14.0.25420.1
MinimumVisualStudioVersion = 10.0.40219.1
Project("{FAE04EC0-301F-11D3-BF4B-00C04F79EFBC}") = "IrrigationAdvisor", "IrrigationAdvisor\IrrigationAdvisor.csproj", "{5B9DDB8D-8420-4D0E-851A-584DB79DAF16}"
EndProject
Project("{FAE04EC0-301F-11D3-BF4B-00C04F79EFBC}") = "IrrigationAdvisor.Tests", "IrrigationAdvisor.Tests\IrrigationAdvisor.Tests.csproj", "{872507C0-36E1-446C-B51D-D97F952B9E70}"
EndProject
Project("{FAE04EC0-301F-11D3-BF4B-00C04F79EFBC}") = "IrrigationAdvisorConsole", "IrrigationAdvisorConsole\IrrigationAdvisorConsole.csproj", "{E59BC4CE-8DC1-4BB8-8B8C-2E0B04FEB66B}"
EndProject
Project("{2150E333-8FDC-42A3-9474-1A3956D46DE8}") = ".nuget", ".nuget", "{5904AAE5-68A9-4317-BBE4-7C61F7817A02}"
	ProjectSection(SolutionItems) = preProject
		.nuget\NuGet.Config = .nuget\NuGet.Config
		.nuget\NuGet.exe = .nuget\NuGet.exe
		.nuget\NuGet.targets = .nuget\NuGet.targets
	EndProjectSection
EndProject
Project("{FAE04EC0-301F-11D3-BF4B-00C04F79EFBC}") = "GetWeatherInfoService", "GetWeatherInfoService\GetWeatherInfoService\GetWeatherInfoService.csproj", "{CA3504C5-5C0F-4A01-AEC6-382EF6585C01}"
EndProject
Project("{FAE04EC0-301F-11D3-BF4B-00C04F79EFBC}") = "AutoBrowse", "AutoBrowse\AutoBrowse.csproj", "{4C39E512-FB4A-4D77-A908-5F31B33F0E27}"
EndProject
Project("{FAE04EC0-301F-11D3-BF4B-00C04F79EFBC}") = "IniaWeatherService", "POCInia\POCInia\IniaWeatherService.csproj", "{A62A3346-1D36-420D-9F0A-DBB6C3BDDF44}"
EndProject
Project("{FAE04EC0-301F-11D3-BF4B-00C04F79EFBC}") = "IrrigationAdvisor.Sandbox", "IrrigationAdvisor.Sandbox\IrrigationAdvisor.Sandbox.csproj", "{7F1B7305-8445-4F59-8797-87AD095EA595}"
EndProject
Project("{FAE04EC0-301F-11D3-BF4B-00C04F79EFBC}") = "IrrigationAdvisor.WebApi", "IrrigationAdvisor.WebApi\IrrigationAdvisor.WebApi.csproj", "{076902F6-29D6-4B2E-B164-07E696AB5EA2}"
EndProject
Project("{FAE04EC0-301F-11D3-BF4B-00C04F79EFBC}") = "ConfigurationManager", "ConfigurationManager\ConfigurationManager.csproj", "{B576FE9F-37FD-42E5-95A2-A4486F1E8D93}"
EndProject
Project("{FAE04EC0-301F-11D3-BF4B-00C04F79EFBC}") = "IrrigationAdvisor.CommonUtils", "IrrigationAdvisor.CommonUtils\IrrigationAdvisor.CommonUtils.csproj", "{C3AF5C70-8505-4527-AF42-F86C701F2339}"
EndProject
Global
	GlobalSection(SolutionConfigurationPlatforms) = preSolution
		Debug|Any CPU = Debug|Any CPU
		Release|Any CPU = Release|Any CPU
	EndGlobalSection
	GlobalSection(ProjectConfigurationPlatforms) = postSolution
		{5B9DDB8D-8420-4D0E-851A-584DB79DAF16}.Debug|Any CPU.ActiveCfg = Debug|Any CPU
		{5B9DDB8D-8420-4D0E-851A-584DB79DAF16}.Debug|Any CPU.Build.0 = Debug|Any CPU
		{5B9DDB8D-8420-4D0E-851A-584DB79DAF16}.Release|Any CPU.ActiveCfg = Release|Any CPU
		{5B9DDB8D-8420-4D0E-851A-584DB79DAF16}.Release|Any CPU.Build.0 = Release|Any CPU
		{872507C0-36E1-446C-B51D-D97F952B9E70}.Debug|Any CPU.ActiveCfg = Debug|Any CPU
		{872507C0-36E1-446C-B51D-D97F952B9E70}.Debug|Any CPU.Build.0 = Debug|Any CPU
		{872507C0-36E1-446C-B51D-D97F952B9E70}.Release|Any CPU.ActiveCfg = Release|Any CPU
		{872507C0-36E1-446C-B51D-D97F952B9E70}.Release|Any CPU.Build.0 = Release|Any CPU
		{E59BC4CE-8DC1-4BB8-8B8C-2E0B04FEB66B}.Debug|Any CPU.ActiveCfg = Debug|Any CPU
		{E59BC4CE-8DC1-4BB8-8B8C-2E0B04FEB66B}.Debug|Any CPU.Build.0 = Debug|Any CPU
		{E59BC4CE-8DC1-4BB8-8B8C-2E0B04FEB66B}.Release|Any CPU.ActiveCfg = Release|Any CPU
		{E59BC4CE-8DC1-4BB8-8B8C-2E0B04FEB66B}.Release|Any CPU.Build.0 = Release|Any CPU
		{CA3504C5-5C0F-4A01-AEC6-382EF6585C01}.Debug|Any CPU.ActiveCfg = Debug|Any CPU
		{CA3504C5-5C0F-4A01-AEC6-382EF6585C01}.Debug|Any CPU.Build.0 = Debug|Any CPU
		{CA3504C5-5C0F-4A01-AEC6-382EF6585C01}.Release|Any CPU.ActiveCfg = Release|Any CPU
		{CA3504C5-5C0F-4A01-AEC6-382EF6585C01}.Release|Any CPU.Build.0 = Release|Any CPU
		{4C39E512-FB4A-4D77-A908-5F31B33F0E27}.Debug|Any CPU.ActiveCfg = Debug|Any CPU
		{4C39E512-FB4A-4D77-A908-5F31B33F0E27}.Debug|Any CPU.Build.0 = Debug|Any CPU
		{4C39E512-FB4A-4D77-A908-5F31B33F0E27}.Release|Any CPU.ActiveCfg = Release|Any CPU
		{4C39E512-FB4A-4D77-A908-5F31B33F0E27}.Release|Any CPU.Build.0 = Release|Any CPU
		{A62A3346-1D36-420D-9F0A-DBB6C3BDDF44}.Debug|Any CPU.ActiveCfg = Debug|Any CPU
		{A62A3346-1D36-420D-9F0A-DBB6C3BDDF44}.Debug|Any CPU.Build.0 = Debug|Any CPU
		{A62A3346-1D36-420D-9F0A-DBB6C3BDDF44}.Release|Any CPU.ActiveCfg = Release|Any CPU
		{A62A3346-1D36-420D-9F0A-DBB6C3BDDF44}.Release|Any CPU.Build.0 = Release|Any CPU
		{7F1B7305-8445-4F59-8797-87AD095EA595}.Debug|Any CPU.ActiveCfg = Debug|Any CPU
		{7F1B7305-8445-4F59-8797-87AD095EA595}.Debug|Any CPU.Build.0 = Debug|Any CPU
		{7F1B7305-8445-4F59-8797-87AD095EA595}.Release|Any CPU.ActiveCfg = Release|Any CPU
		{7F1B7305-8445-4F59-8797-87AD095EA595}.Release|Any CPU.Build.0 = Release|Any CPU
		{076902F6-29D6-4B2E-B164-07E696AB5EA2}.Debug|Any CPU.ActiveCfg = Debug|Any CPU
		{076902F6-29D6-4B2E-B164-07E696AB5EA2}.Debug|Any CPU.Build.0 = Debug|Any CPU
		{076902F6-29D6-4B2E-B164-07E696AB5EA2}.Release|Any CPU.ActiveCfg = Release|Any CPU
		{076902F6-29D6-4B2E-B164-07E696AB5EA2}.Release|Any CPU.Build.0 = Release|Any CPU
		{B576FE9F-37FD-42E5-95A2-A4486F1E8D93}.Debug|Any CPU.ActiveCfg = Debug|Any CPU
		{B576FE9F-37FD-42E5-95A2-A4486F1E8D93}.Debug|Any CPU.Build.0 = Debug|Any CPU
		{B576FE9F-37FD-42E5-95A2-A4486F1E8D93}.Release|Any CPU.ActiveCfg = Release|Any CPU
		{B576FE9F-37FD-42E5-95A2-A4486F1E8D93}.Release|Any CPU.Build.0 = Release|Any CPU
		{C3AF5C70-8505-4527-AF42-F86C701F2339}.Debug|Any CPU.ActiveCfg = Debug|Any CPU
		{C3AF5C70-8505-4527-AF42-F86C701F2339}.Debug|Any CPU.Build.0 = Debug|Any CPU
		{C3AF5C70-8505-4527-AF42-F86C701F2339}.Release|Any CPU.ActiveCfg = Release|Any CPU
		{C3AF5C70-8505-4527-AF42-F86C701F2339}.Release|Any CPU.Build.0 = Release|Any CPU
	EndGlobalSection
	GlobalSection(SolutionProperties) = preSolution
		HideSolutionNode = FALSE
	EndGlobalSection
EndGlobal
