
Microsoft Visual Studio Solution File, Format Version 12.00
# Visual Studio 2013
VisualStudioVersion = 12.0.30723.0
MinimumVisualStudioVersion = 10.0.40219.1
Project("{FAE04EC0-301F-11D3-BF4B-00C04F79EFBC}") = "IrrigationAdvisor", "IrrigationAdvisor\IrrigationAdvisor.csproj", "{5B9DDB8D-8420-4D0E-851A-584DB79DAF16}"
EndProject
Project("{FAE04EC0-301F-11D3-BF4B-00C04F79EFBC}") = "IrrigationAdvisor.Tests", "IrrigationAdvisor.Tests\IrrigationAdvisor.Tests.csproj", "{872507C0-36E1-446C-B51D-D97F952B9E70}"
EndProject
Project("{FAE04EC0-301F-11D3-BF4B-00C04F79EFBC}") = "IrrigationAdvisorConsole", "IrrigationAdvisorConsole\IrrigationAdvisorConsole.csproj", "{E59BC4CE-8DC1-4BB8-8B8C-2E0B04FEB66B}"
EndProject
Project("{2150E333-8FDC-42A3-9474-1A3956D46DE8}") = ".nuget", ".nuget", "{5904AAE5-68A9-4317-BBE4-7C61F7817A02}"
	ProjectSection(SolutionItems) = preProject
		.nuget\NuGet.Config = .nuget\NuGet.Config
		.nuget\NuGet.exe = .nuget\NuGet.exe
		.nuget\NuGet.targets = .nuget\NuGet.targets
	EndProjectSection
EndProject
Global
	GlobalSection(SolutionConfigurationPlatforms) = preSolution
		Debug|Any CPU = Debug|Any CPU
		Release|Any CPU = Release|Any CPU
	EndGlobalSection
	GlobalSection(ProjectConfigurationPlatforms) = postSolution
		{5B9DDB8D-8420-4D0E-851A-584DB79DAF16}.Debug|Any CPU.ActiveCfg = Debug|Any CPU
		{5B9DDB8D-8420-4D0E-851A-584DB79DAF16}.Debug|Any CPU.Build.0 = Debug|Any CPU
		{5B9DDB8D-8420-4D0E-851A-584DB79DAF16}.Release|Any CPU.ActiveCfg = Release|Any CPU
		{5B9DDB8D-8420-4D0E-851A-584DB79DAF16}.Release|Any CPU.Build.0 = Release|Any CPU
		{872507C0-36E1-446C-B51D-D97F952B9E70}.Debug|Any CPU.ActiveCfg = Debug|Any CPU
		{872507C0-36E1-446C-B51D-D97F952B9E70}.Debug|Any CPU.Build.0 = Debug|Any CPU
		{872507C0-36E1-446C-B51D-D97F952B9E70}.Release|Any CPU.ActiveCfg = Release|Any CPU
		{872507C0-36E1-446C-B51D-D97F952B9E70}.Release|Any CPU.Build.0 = Release|Any CPU
		{E59BC4CE-8DC1-4BB8-8B8C-2E0B04FEB66B}.Debug|Any CPU.ActiveCfg = Debug|Any CPU
		{E59BC4CE-8DC1-4BB8-8B8C-2E0B04FEB66B}.Debug|Any CPU.Build.0 = Debug|Any CPU
		{E59BC4CE-8DC1-4BB8-8B8C-2E0B04FEB66B}.Release|Any CPU.ActiveCfg = Release|Any CPU
		{E59BC4CE-8DC1-4BB8-8B8C-2E0B04FEB66B}.Release|Any CPU.Build.0 = Release|Any CPU
	EndGlobalSection
	GlobalSection(SolutionProperties) = preSolution
		HideSolutionNode = FALSE
	EndGlobalSection
EndGlobal
